github.com/go-chi/chi/v5 v5.2.3 h1:WQIt9uxdsAbgIYgid+BpYc+liqQZGMHRaUwp0JUcvdE=
github.com/go-chi/chi/v5 v5.2.3/go.mod h1:L2yAIGWB3H+phAw1NxKwWM+7eUH/lU8pOMm5hHcoops=
github.com/romsar/gonertia/v2 v2.0.9 h1:DoL+12yFoMlG9Kzqq288p/DjnMQ5RNit1IazBEjMQyE=
github.com/romsar/gonertia/v2 v2.0.9/go.mod h1:8DOQfQz9D1GHd5M6BtXsaF+CIovjXOx/tVna2LcazvA=
